
Microsoft Visual Studio Solution File, Format Version 12.00
# Visual Studio Version 17
VisualStudioVersion = 17.3.32929.385
MinimumVisualStudioVersion = 10.0.40219.1
Project("{9A19103F-16F7-4668-BE54-9A1E7A4F7556}") = "KeywordSearchInitializationConsole", "KeywordSearchInitializationConsole\KeywordSearchInitializationConsole.csproj", "{21640116-2ED1-42DD-A9ED-38B65E6D9B8D}"
EndProject
Project("{FAE04EC0-301F-11D3-BF4B-00C04F79EFBC}") = "HP.Pulsar.Search.Keyword", "HP.Pulsar.Search.Keyword\HP.Pulsar.Search.Keyword.csproj", "{95BD5F71-759C-4EC8-B0D6-CC6FEAF6D7DC}"
EndProject
Global
	GlobalSection(SolutionConfigurationPlatforms) = preSolution
		Debug|Any CPU = Debug|Any CPU
		Release|Any CPU = Release|Any CPU
	EndGlobalSection
	GlobalSection(ProjectConfigurationPlatforms) = postSolution
		{21640116-2ED1-42DD-A9ED-38B65E6D9B8D}.Debug|Any CPU.ActiveCfg = Debug|Any CPU
		{21640116-2ED1-42DD-A9ED-38B65E6D9B8D}.Debug|Any CPU.Build.0 = Debug|Any CPU
		{21640116-2ED1-42DD-A9ED-38B65E6D9B8D}.Release|Any CPU.ActiveCfg = Release|Any CPU
		{21640116-2ED1-42DD-A9ED-38B65E6D9B8D}.Release|Any CPU.Build.0 = Release|Any CPU
		{95BD5F71-759C-4EC8-B0D6-CC6FEAF6D7DC}.Debug|Any CPU.ActiveCfg = Debug|Any CPU
		{95BD5F71-759C-4EC8-B0D6-CC6FEAF6D7DC}.Debug|Any CPU.Build.0 = Debug|Any CPU
		{95BD5F71-759C-4EC8-B0D6-CC6FEAF6D7DC}.Release|Any CPU.ActiveCfg = Release|Any CPU
		{95BD5F71-759C-4EC8-B0D6-CC6FEAF6D7DC}.Release|Any CPU.Build.0 = Release|Any CPU
	EndGlobalSection
	GlobalSection(SolutionProperties) = preSolution
		HideSolutionNode = FALSE
	EndGlobalSection
	GlobalSection(ExtensibilityGlobals) = postSolution
		SolutionGuid = {979FFA50-00C8-4B88-917F-50BDB0208818}
	EndGlobalSection
EndGlobal
